// !$*UTF8*$!
{
	archiveVersion = 1;
	classes = {
	};
	objectVersion = 56;
	objects = {

/* Begin PBXBuildFile section */
		0D85A53E2A77E3A50050694C /* AppDelegate.swift in Sources */ = {isa = PBXBuildFile; fileRef = 0D85A53D2A77E3A50050694C /* AppDelegate.swift */; };
		0D85A5402A77E3A50050694C /* SceneDelegate.swift in Sources */ = {isa = PBXBuildFile; fileRef = 0D85A53F2A77E3A50050694C /* SceneDelegate.swift */; };
		0D85A5422A77E3A50050694C /* MainViewController.swift in Sources */ = {isa = PBXBuildFile; fileRef = 0D85A5412A77E3A50050694C /* MainViewController.swift */; };
		0D85A5472A77E3A60050694C /* Assets.xcassets in Resources */ = {isa = PBXBuildFile; fileRef = 0D85A5462A77E3A60050694C /* Assets.xcassets */; };
		0D85A54A2A77E3A60050694C /* LaunchScreen.storyboard in Resources */ = {isa = PBXBuildFile; fileRef = 0D85A5482A77E3A60050694C /* LaunchScreen.storyboard */; };
		0D85A5532A77F1AD0050694C /* UserService.swift in Sources */ = {isa = PBXBuildFile; fileRef = 0D85A5522A77F1AD0050694C /* UserService.swift */; };
		0D85A5562A77F23C0050694C /* UserModel.swift in Sources */ = {isa = PBXBuildFile; fileRef = 0D85A5552A77F23C0050694C /* UserModel.swift */; };
		0D85A5592A77F7F60050694C /* UserViewController.swift in Sources */ = {isa = PBXBuildFile; fileRef = 0D85A5582A77F7F60050694C /* UserViewController.swift */; };
		0D85A55B2A7810620050694C /* UsersFollowersViewController.swift in Sources */ = {isa = PBXBuildFile; fileRef = 0D85A55A2A7810620050694C /* UsersFollowersViewController.swift */; };
		0D85A55E2A7819380050694C /* UIImageView+Extensions.swift in Sources */ = {isa = PBXBuildFile; fileRef = 0D85A55D2A7819380050694C /* UIImageView+Extensions.swift */; };
/* End PBXBuildFile section */

/* Begin PBXFileReference section */
		0D85A53A2A77E3A50050694C /* GithubProfileApp.app */ = {isa = PBXFileReference; explicitFileType = wrapper.application; includeInIndex = 0; path = GithubProfileApp.app; sourceTree = BUILT_PRODUCTS_DIR; };
		0D85A53D2A77E3A50050694C /* AppDelegate.swift */ = {isa = PBXFileReference; lastKnownFileType = sourcecode.swift; path = AppDelegate.swift; sourceTree = "<group>"; };
		0D85A53F2A77E3A50050694C /* SceneDelegate.swift */ = {isa = PBXFileReference; lastKnownFileType = sourcecode.swift; path = SceneDelegate.swift; sourceTree = "<group>"; };
		0D85A5412A77E3A50050694C /* MainViewController.swift */ = {isa = PBXFileReference; lastKnownFileType = sourcecode.swift; path = MainViewController.swift; sourceTree = "<group>"; };
		0D85A5462A77E3A60050694C /* Assets.xcassets */ = {isa = PBXFileReference; lastKnownFileType = folder.assetcatalog; path = Assets.xcassets; sourceTree = "<group>"; };
		0D85A5492A77E3A60050694C /* Base */ = {isa = PBXFileReference; lastKnownFileType = file.storyboard; name = Base; path = Base.lproj/LaunchScreen.storyboard; sourceTree = "<group>"; };
		0D85A54B2A77E3A60050694C /* Info.plist */ = {isa = PBXFileReference; lastKnownFileType = text.plist.xml; path = Info.plist; sourceTree = "<group>"; };
		0D85A5522A77F1AD0050694C /* UserService.swift */ = {isa = PBXFileReference; lastKnownFileType = sourcecode.swift; path = UserService.swift; sourceTree = "<group>"; };
		0D85A5552A77F23C0050694C /* UserModel.swift */ = {isa = PBXFileReference; lastKnownFileType = sourcecode.swift; path = UserModel.swift; sourceTree = "<group>"; };
		0D85A5582A77F7F60050694C /* UserViewController.swift */ = {isa = PBXFileReference; lastKnownFileType = sourcecode.swift; path = UserViewController.swift; sourceTree = "<group>"; };
		0D85A55A2A7810620050694C /* UsersFollowersViewController.swift */ = {isa = PBXFileReference; lastKnownFileType = sourcecode.swift; path = UsersFollowersViewController.swift; sourceTree = "<group>"; };
		0D85A55D2A7819380050694C /* UIImageView+Extensions.swift */ = {isa = PBXFileReference; lastKnownFileType = sourcecode.swift; path = "UIImageView+Extensions.swift"; sourceTree = "<group>"; };
/* End PBXFileReference section */

/* Begin PBXFrameworksBuildPhase section */
		0D85A5372A77E3A50050694C /* Frameworks */ = {
			isa = PBXFrameworksBuildPhase;
			buildActionMask = 2147483647;
			files = (
			);
			runOnlyForDeploymentPostprocessing = 0;
		};
/* End PBXFrameworksBuildPhase section */

/* Begin PBXGroup section */
		0D85A5312A77E3A50050694C = {
			isa = PBXGroup;
			children = (
				0D85A53C2A77E3A50050694C /* GithubProfileApp */,
				0D85A53B2A77E3A50050694C /* Products */,
			);
			sourceTree = "<group>";
		};
		0D85A53B2A77E3A50050694C /* Products */ = {
			isa = PBXGroup;
			children = (
				0D85A53A2A77E3A50050694C /* GithubProfileApp.app */,
			);
			name = Products;
			sourceTree = "<group>";
		};
		0D85A53C2A77E3A50050694C /* GithubProfileApp */ = {
			isa = PBXGroup;
			children = (
				0D85A55C2A7819080050694C /* Extensions */,
				0D85A5572A77F4FA0050694C /* View */,
				0D85A5542A77F22B0050694C /* Model */,
				0D85A5512A77F1980050694C /* Service */,
				0D85A53D2A77E3A50050694C /* AppDelegate.swift */,
				0D85A53F2A77E3A50050694C /* SceneDelegate.swift */,
				0D85A5462A77E3A60050694C /* Assets.xcassets */,
				0D85A5482A77E3A60050694C /* LaunchScreen.storyboard */,
				0D85A54B2A77E3A60050694C /* Info.plist */,
			);
			path = GithubProfileApp;
			sourceTree = "<group>";
		};
		0D85A5512A77F1980050694C /* Service */ = {
			isa = PBXGroup;
			children = (
				0D85A5522A77F1AD0050694C /* UserService.swift */,
			);
			path = Service;
			sourceTree = "<group>";
		};
		0D85A5542A77F22B0050694C /* Model */ = {
			isa = PBXGroup;
			children = (
				0D85A5552A77F23C0050694C /* UserModel.swift */,
			);
			path = Model;
			sourceTree = "<group>";
		};
		0D85A5572A77F4FA0050694C /* View */ = {
			isa = PBXGroup;
			children = (
				0D85A5412A77E3A50050694C /* MainViewController.swift */,
				0D85A5582A77F7F60050694C /* UserViewController.swift */,
				0D85A55A2A7810620050694C /* UsersFollowersViewController.swift */,
			);
			path = View;
			sourceTree = "<group>";
		};
		0D85A55C2A7819080050694C /* Extensions */ = {
			isa = PBXGroup;
			children = (
				0D85A55D2A7819380050694C /* UIImageView+Extensions.swift */,
			);
			path = Extensions;
			sourceTree = "<group>";
		};
/* End PBXGroup section */

/* Begin PBXNativeTarget section */
		0D85A5392A77E3A50050694C /* GithubProfileApp */ = {
			isa = PBXNativeTarget;
			buildConfigurationList = 0D85A54E2A77E3A60050694C /* Build configuration list for PBXNativeTarget "GithubProfileApp" */;
			buildPhases = (
				0D85A5362A77E3A50050694C /* Sources */,
				0D85A5372A77E3A50050694C /* Frameworks */,
				0D85A5382A77E3A50050694C /* Resources */,
			);
			buildRules = (
			);
			dependencies = (
			);
			name = GithubProfileApp;
			productName = GithubProfileApp;
			productReference = 0D85A53A2A77E3A50050694C /* GithubProfileApp.app */;
			productType = "com.apple.product-type.application";
		};
/* End PBXNativeTarget section */

/* Begin PBXProject section */
		0D85A5322A77E3A50050694C /* Project object */ = {
			isa = PBXProject;
			attributes = {
				BuildIndependentTargetsInParallel = 1;
				LastSwiftUpdateCheck = 1430;
				LastUpgradeCheck = 1430;
				TargetAttributes = {
					0D85A5392A77E3A50050694C = {
						CreatedOnToolsVersion = 14.3.1;
					};
				};
			};
			buildConfigurationList = 0D85A5352A77E3A50050694C /* Build configuration list for PBXProject "GithubProfileApp" */;
			compatibilityVersion = "Xcode 14.0";
			developmentRegion = en;
			hasScannedForEncodings = 0;
			knownRegions = (
				en,
				Base,
			);
			mainGroup = 0D85A5312A77E3A50050694C;
			productRefGroup = 0D85A53B2A77E3A50050694C /* Products */;
			projectDirPath = "";
			projectRoot = "";
			targets = (
				0D85A5392A77E3A50050694C /* GithubProfileApp */,
			);
		};
/* End PBXProject section */

/* Begin PBXResourcesBuildPhase section */
		0D85A5382A77E3A50050694C /* Resources */ = {
			isa = PBXResourcesBuildPhase;
			buildActionMask = 2147483647;
			files = (
				0D85A54A2A77E3A60050694C /* LaunchScreen.storyboard in Resources */,
				0D85A5472A77E3A60050694C /* Assets.xcassets in Resources */,
			);
			runOnlyForDeploymentPostprocessing = 0;
		};
/* End PBXResourcesBuildPhase section */

/* Begin PBXSourcesBuildPhase section */
		0D85A5362A77E3A50050694C /* Sources */ = {
			isa = PBXSourcesBuildPhase;
			buildActionMask = 2147483647;
			files = (
				0D85A5532A77F1AD0050694C /* UserService.swift in Sources */,
				0D85A5592A77F7F60050694C /* UserViewController.swift in Sources */,
				0D85A55B2A7810620050694C /* UsersFollowersViewController.swift in Sources */,
				0D85A5422A77E3A50050694C /* MainViewController.swift in Sources */,
				0D85A53E2A77E3A50050694C /* AppDelegate.swift in Sources */,
				0D85A5562A77F23C0050694C /* UserModel.swift in Sources */,
				0D85A55E2A7819380050694C /* UIImageView+Extensions.swift in Sources */,
				0D85A5402A77E3A50050694C /* SceneDelegate.swift in Sources */,
			);
			runOnlyForDeploymentPostprocessing = 0;
		};
/* End PBXSourcesBuildPhase section */

/* Begin PBXVariantGroup section */
		0D85A5482A77E3A60050694C /* LaunchScreen.storyboard */ = {
			isa = PBXVariantGroup;
			children = (
				0D85A5492A77E3A60050694C /* Base */,
			);
			name = LaunchScreen.storyboard;
			sourceTree = "<group>";
		};
/* End PBXVariantGroup section */

/* Begin XCBuildConfiguration section */
		0D85A54C2A77E3A60050694C /* Debug */ = {
			isa = XCBuildConfiguration;
			buildSettings = {
				ALWAYS_SEARCH_USER_PATHS = NO;
				CLANG_ANALYZER_NONNULL = YES;
				CLANG_ANALYZER_NUMBER_OBJECT_CONVERSION = YES_AGGRESSIVE;
				CLANG_CXX_LANGUAGE_STANDARD = "gnu++20";
				CLANG_ENABLE_MODULES = YES;
				CLANG_ENABLE_OBJC_ARC = YES;
				CLANG_ENABLE_OBJC_WEAK = YES;
				CLANG_WARN_BLOCK_CAPTURE_AUTORELEASING = YES;
				CLANG_WARN_BOOL_CONVERSION = YES;
				CLANG_WARN_COMMA = YES;
				CLANG_WARN_CONSTANT_CONVERSION = YES;
				CLANG_WARN_DEPRECATED_OBJC_IMPLEMENTATIONS = YES;
				CLANG_WARN_DIRECT_OBJC_ISA_USAGE = YES_ERROR;
				CLANG_WARN_DOCUMENTATION_COMMENTS = YES;
				CLANG_WARN_EMPTY_BODY = YES;
				CLANG_WARN_ENUM_CONVERSION = YES;
				CLANG_WARN_INFINITE_RECURSION = YES;
				CLANG_WARN_INT_CONVERSION = YES;
				CLANG_WARN_NON_LITERAL_NULL_CONVERSION = YES;
				CLANG_WARN_OBJC_IMPLICIT_RETAIN_SELF = YES;
				CLANG_WARN_OBJC_LITERAL_CONVERSION = YES;
				CLANG_WARN_OBJC_ROOT_CLASS = YES_ERROR;
				CLANG_WARN_QUOTED_INCLUDE_IN_FRAMEWORK_HEADER = YES;
				CLANG_WARN_RANGE_LOOP_ANALYSIS = YES;
				CLANG_WARN_STRICT_PROTOTYPES = YES;
				CLANG_WARN_SUSPICIOUS_MOVE = YES;
				CLANG_WARN_UNGUARDED_AVAILABILITY = YES_AGGRESSIVE;
				CLANG_WARN_UNREACHABLE_CODE = YES;
				CLANG_WARN__DUPLICATE_METHOD_MATCH = YES;
				COPY_PHASE_STRIP = NO;
				DEBUG_INFORMATION_FORMAT = dwarf;
				ENABLE_STRICT_OBJC_MSGSEND = YES;
				ENABLE_TESTABILITY = YES;
				GCC_C_LANGUAGE_STANDARD = gnu11;
				GCC_DYNAMIC_NO_PIC = NO;
				GCC_NO_COMMON_BLOCKS = YES;
				GCC_OPTIMIZATION_LEVEL = 0;
				GCC_PREPROCESSOR_DEFINITIONS = (
					"DEBUG=1",
					"$(inherited)",
				);
				GCC_WARN_64_TO_32_BIT_CONVERSION = YES;
				GCC_WARN_ABOUT_RETURN_TYPE = YES_ERROR;
				GCC_WARN_UNDECLARED_SELECTOR = YES;
				GCC_WARN_UNINITIALIZED_AUTOS = YES_AGGRESSIVE;
				GCC_WARN_UNUSED_FUNCTION = YES;
				GCC_WARN_UNUSED_VARIABLE = YES;
				IPHONEOS_DEPLOYMENT_TARGET = 16.4;
				MTL_ENABLE_DEBUG_INFO = INCLUDE_SOURCE;
				MTL_FAST_MATH = YES;
				ONLY_ACTIVE_ARCH = YES;
				SDKROOT = iphoneos;
				SWIFT_ACTIVE_COMPILATION_CONDITIONS = DEBUG;
				SWIFT_OPTIMIZATION_LEVEL = "-Onone";
			};
			name = Debug;
		};
		0D85A54D2A77E3A60050694C /* Release */ = {
			isa = XCBuildConfiguration;
			buildSettings = {
				ALWAYS_SEARCH_USER_PATHS = NO;
				CLANG_ANALYZER_NONNULL = YES;
				CLANG_ANALYZER_NUMBER_OBJECT_CONVERSION = YES_AGGRESSIVE;
				CLANG_CXX_LANGUAGE_STANDARD = "gnu++20";
				CLANG_ENABLE_MODULES = YES;
				CLANG_ENABLE_OBJC_ARC = YES;
				CLANG_ENABLE_OBJC_WEAK = YES;
				CLANG_WARN_BLOCK_CAPTURE_AUTORELEASING = YES;
				CLANG_WARN_BOOL_CONVERSION = YES;
				CLANG_WARN_COMMA = YES;
				CLANG_WARN_CONSTANT_CONVERSION = YES;
				CLANG_WARN_DEPRECATED_OBJC_IMPLEMENTATIONS = YES;
				CLANG_WARN_DIRECT_OBJC_ISA_USAGE = YES_ERROR;
				CLANG_WARN_DOCUMENTATION_COMMENTS = YES;
				CLANG_WARN_EMPTY_BODY = YES;
				CLANG_WARN_ENUM_CONVERSION = YES;
				CLANG_WARN_INFINITE_RECURSION = YES;
				CLANG_WARN_INT_CONVERSION = YES;
				CLANG_WARN_NON_LITERAL_NULL_CONVERSION = YES;
				CLANG_WARN_OBJC_IMPLICIT_RETAIN_SELF = YES;
				CLANG_WARN_OBJC_LITERAL_CONVERSION = YES;
				CLANG_WARN_OBJC_ROOT_CLASS = YES_ERROR;
				CLANG_WARN_QUOTED_INCLUDE_IN_FRAMEWORK_HEADER = YES;
				CLANG_WARN_RANGE_LOOP_ANALYSIS = YES;
				CLANG_WARN_STRICT_PROTOTYPES = YES;
				CLANG_WARN_SUSPICIOUS_MOVE = YES;
				CLANG_WARN_UNGUARDED_AVAILABILITY = YES_AGGRESSIVE;
				CLANG_WARN_UNREACHABLE_CODE = YES;
				CLANG_WARN__DUPLICATE_METHOD_MATCH = YES;
				COPY_PHASE_STRIP = NO;
				DEBUG_INFORMATION_FORMAT = "dwarf-with-dsym";
				ENABLE_NS_ASSERTIONS = NO;
				ENABLE_STRICT_OBJC_MSGSEND = YES;
				GCC_C_LANGUAGE_STANDARD = gnu11;
				GCC_NO_COMMON_BLOCKS = YES;
				GCC_WARN_64_TO_32_BIT_CONVERSION = YES;
				GCC_WARN_ABOUT_RETURN_TYPE = YES_ERROR;
				GCC_WARN_UNDECLARED_SELECTOR = YES;
				GCC_WARN_UNINITIALIZED_AUTOS = YES_AGGRESSIVE;
				GCC_WARN_UNUSED_FUNCTION = YES;
				GCC_WARN_UNUSED_VARIABLE = YES;
				IPHONEOS_DEPLOYMENT_TARGET = 16.4;
				MTL_ENABLE_DEBUG_INFO = NO;
				MTL_FAST_MATH = YES;
				SDKROOT = iphoneos;
				SWIFT_COMPILATION_MODE = wholemodule;
				SWIFT_OPTIMIZATION_LEVEL = "-O";
				VALIDATE_PRODUCT = YES;
			};
			name = Release;
		};
		0D85A54F2A77E3A60050694C /* Debug */ = {
			isa = XCBuildConfiguration;
			buildSettings = {
				ASSETCATALOG_COMPILER_APPICON_NAME = AppIcon;
				ASSETCATALOG_COMPILER_GLOBAL_ACCENT_COLOR_NAME = AccentColor;
				CODE_SIGN_STYLE = Automatic;
				CURRENT_PROJECT_VERSION = 1;
				GENERATE_INFOPLIST_FILE = YES;
				INFOPLIST_FILE = GithubProfileApp/Info.plist;
				INFOPLIST_KEY_LSApplicationCategoryType = "";
				INFOPLIST_KEY_UIApplicationSupportsIndirectInputEvents = YES;
				INFOPLIST_KEY_UILaunchStoryboardName = LaunchScreen;
				INFOPLIST_KEY_UISupportedInterfaceOrientations_iPad = "UIInterfaceOrientationPortrait UIInterfaceOrientationPortraitUpsideDown UIInterfaceOrientationLandscapeLeft UIInterfaceOrientationLandscapeRight";
				INFOPLIST_KEY_UISupportedInterfaceOrientations_iPhone = "UIInterfaceOrientationPortrait UIInterfaceOrientationLandscapeLeft UIInterfaceOrientationLandscapeRight";
				LD_RUNPATH_SEARCH_PATHS = (
					"$(inherited)",
					"@executable_path/Frameworks",
				);
				MARKETING_VERSION = 1.0;
				PRODUCT_BUNDLE_IDENTIFIER = iremt.GithubProfileApp;
				PRODUCT_NAME = "$(TARGET_NAME)";
				SWIFT_EMIT_LOC_STRINGS = YES;
				SWIFT_VERSION = 5.0;
				TARGETED_DEVICE_FAMILY = "1,2";
			};
			name = Debug;
		};
		0D85A5502A77E3A60050694C /* Release */ = {
			isa = XCBuildConfiguration;
			buildSettings = {
				ASSETCATALOG_COMPILER_APPICON_NAME = AppIcon;
				ASSETCATALOG_COMPILER_GLOBAL_ACCENT_COLOR_NAME = AccentColor;
				CODE_SIGN_STYLE = Automatic;
				CURRENT_PROJECT_VERSION = 1;
				GENERATE_INFOPLIST_FILE = YES;
				INFOPLIST_FILE = GithubProfileApp/Info.plist;
				INFOPLIST_KEY_LSApplicationCategoryType = "";
				INFOPLIST_KEY_UIApplicationSupportsIndirectInputEvents = YES;
				INFOPLIST_KEY_UILaunchStoryboardName = LaunchScreen;
				INFOPLIST_KEY_UISupportedInterfaceOrientations_iPad = "UIInterfaceOrientationPortrait UIInterfaceOrientationPortraitUpsideDown UIInterfaceOrientationLandscapeLeft UIInterfaceOrientationLandscapeRight";
				INFOPLIST_KEY_UISupportedInterfaceOrientations_iPhone = "UIInterfaceOrientationPortrait UIInterfaceOrientationLandscapeLeft UIInterfaceOrientationLandscapeRight";
				LD_RUNPATH_SEARCH_PATHS = (
					"$(inherited)",
					"@executable_path/Frameworks",
				);
				MARKETING_VERSION = 1.0;
				PRODUCT_BUNDLE_IDENTIFIER = iremt.GithubProfileApp;
				PRODUCT_NAME = "$(TARGET_NAME)";
				SWIFT_EMIT_LOC_STRINGS = YES;
				SWIFT_VERSION = 5.0;
				TARGETED_DEVICE_FAMILY = "1,2";
			};
			name = Release;
		};
/* End XCBuildConfiguration section */

/* Begin XCConfigurationList section */
		0D85A5352A77E3A50050694C /* Build configuration list for PBXProject "GithubProfileApp" */ = {
			isa = XCConfigurationList;
			buildConfigurations = (
				0D85A54C2A77E3A60050694C /* Debug */,
				0D85A54D2A77E3A60050694C /* Release */,
			);
			defaultConfigurationIsVisible = 0;
			defaultConfigurationName = Release;
		};
		0D85A54E2A77E3A60050694C /* Build configuration list for PBXNativeTarget "GithubProfileApp" */ = {
			isa = XCConfigurationList;
			buildConfigurations = (
				0D85A54F2A77E3A60050694C /* Debug */,
				0D85A5502A77E3A60050694C /* Release */,
			);
			defaultConfigurationIsVisible = 0;
			defaultConfigurationName = Release;
		};
/* End XCConfigurationList section */
	};
	rootObject = 0D85A5322A77E3A50050694C /* Project object */;
}
